// !$*UTF8*$!
{
	archiveVersion = 1;
	classes = {
	};
	objectVersion = 56;
	objects = {

/* Begin PBXBuildFile section */
		BC00E25C2AFE8998005D3517 /* AppDelegate.swift in Sources */ = {isa = PBXBuildFile; fileRef = BC00E25B2AFE8998005D3517 /* AppDelegate.swift */; };
		BC00E25E2AFE8998005D3517 /* SceneDelegate.swift in Sources */ = {isa = PBXBuildFile; fileRef = BC00E25D2AFE8998005D3517 /* SceneDelegate.swift */; };
		BC00E2602AFE8998005D3517 /* ViewController.swift in Sources */ = {isa = PBXBuildFile; fileRef = BC00E25F2AFE8998005D3517 /* ViewController.swift */; };
		BC00E2632AFE8998005D3517 /* Main.storyboard in Resources */ = {isa = PBXBuildFile; fileRef = BC00E2612AFE8998005D3517 /* Main.storyboard */; };
		BC00E2652AFE89AA005D3517 /* Assets.xcassets in Resources */ = {isa = PBXBuildFile; fileRef = BC00E2642AFE89AA005D3517 /* Assets.xcassets */; };
		BC00E2682AFE89AA005D3517 /* LaunchScreen.storyboard in Resources */ = {isa = PBXBuildFile; fileRef = BC00E2662AFE89AA005D3517 /* LaunchScreen.storyboard */; };
		BC00E2742AFE8CCF005D3517 /* Location.swift in Sources */ = {isa = PBXBuildFile; fileRef = BC00E2732AFE8CCF005D3517 /* Location.swift */; };
		BC00E2762AFE8CF4005D3517 /* Condition.swift in Sources */ = {isa = PBXBuildFile; fileRef = BC00E2752AFE8CF4005D3517 /* Condition.swift */; };
		BC00E2782AFE8D1B005D3517 /* Current.swift in Sources */ = {isa = PBXBuildFile; fileRef = BC00E2772AFE8D1B005D3517 /* Current.swift */; };
		BC00E27A2AFE8D4D005D3517 /* CurrentWeather.swift in Sources */ = {isa = PBXBuildFile; fileRef = BC00E2792AFE8D4D005D3517 /* CurrentWeather.swift */; };
		BC00E27D2AFF7B04005D3517 /* Alamofire in Frameworks */ = {isa = PBXBuildFile; productRef = BC00E27C2AFF7B04005D3517 /* Alamofire */; };
/* End PBXBuildFile section */

/* Begin PBXFileReference section */
		BC00E2582AFE8998005D3517 /* WeatherApp.app */ = {isa = PBXFileReference; explicitFileType = wrapper.application; includeInIndex = 0; path = WeatherApp.app; sourceTree = BUILT_PRODUCTS_DIR; };
		BC00E25B2AFE8998005D3517 /* AppDelegate.swift */ = {isa = PBXFileReference; lastKnownFileType = sourcecode.swift; path = AppDelegate.swift; sourceTree = "<group>"; };
		BC00E25D2AFE8998005D3517 /* SceneDelegate.swift */ = {isa = PBXFileReference; lastKnownFileType = sourcecode.swift; path = SceneDelegate.swift; sourceTree = "<group>"; };
		BC00E25F2AFE8998005D3517 /* ViewController.swift */ = {isa = PBXFileReference; lastKnownFileType = sourcecode.swift; path = ViewController.swift; sourceTree = "<group>"; };
		BC00E2622AFE8998005D3517 /* Base */ = {isa = PBXFileReference; lastKnownFileType = file.storyboard; name = Base; path = Base.lproj/Main.storyboard; sourceTree = "<group>"; };
		BC00E2642AFE89AA005D3517 /* Assets.xcassets */ = {isa = PBXFileReference; lastKnownFileType = folder.assetcatalog; path = Assets.xcassets; sourceTree = "<group>"; };
		BC00E2672AFE89AA005D3517 /* Base */ = {isa = PBXFileReference; lastKnownFileType = file.storyboard; name = Base; path = Base.lproj/LaunchScreen.storyboard; sourceTree = "<group>"; };
		BC00E2692AFE89AA005D3517 /* Info.plist */ = {isa = PBXFileReference; lastKnownFileType = text.plist.xml; path = Info.plist; sourceTree = "<group>"; };
		BC00E2732AFE8CCF005D3517 /* Location.swift */ = {isa = PBXFileReference; lastKnownFileType = sourcecode.swift; path = Location.swift; sourceTree = "<group>"; };
		BC00E2752AFE8CF4005D3517 /* Condition.swift */ = {isa = PBXFileReference; lastKnownFileType = sourcecode.swift; path = Condition.swift; sourceTree = "<group>"; };
		BC00E2772AFE8D1B005D3517 /* Current.swift */ = {isa = PBXFileReference; lastKnownFileType = sourcecode.swift; path = Current.swift; sourceTree = "<group>"; };
		BC00E2792AFE8D4D005D3517 /* CurrentWeather.swift */ = {isa = PBXFileReference; lastKnownFileType = sourcecode.swift; path = CurrentWeather.swift; sourceTree = "<group>"; };
/* End PBXFileReference section */

/* Begin PBXFrameworksBuildPhase section */
		BC00E2552AFE8998005D3517 /* Frameworks */ = {
			isa = PBXFrameworksBuildPhase;
			buildActionMask = 2147483647;
			files = (
				BC00E27D2AFF7B04005D3517 /* Alamofire in Frameworks */,
			);
			runOnlyForDeploymentPostprocessing = 0;
		};
/* End PBXFrameworksBuildPhase section */

/* Begin PBXGroup section */
		BC00E24F2AFE8998005D3517 = {
			isa = PBXGroup;
			children = (
				BC00E25A2AFE8998005D3517 /* WeatherApp */,
				BC00E2592AFE8998005D3517 /* Products */,
			);
			sourceTree = "<group>";
		};
		BC00E2592AFE8998005D3517 /* Products */ = {
			isa = PBXGroup;
			children = (
				BC00E2582AFE8998005D3517 /* WeatherApp.app */,
			);
			name = Products;
			sourceTree = "<group>";
		};
		BC00E25A2AFE8998005D3517 /* WeatherApp */ = {
			isa = PBXGroup;
			children = (
				BC00E2722AFE89EB005D3517 /* Model */,
				BC00E26F2AFE89B8005D3517 /* AppDelegate */,
				BC00E2702AFE89C2005D3517 /* Controller */,
				BC00E2712AFE89DB005D3517 /* View */,
				BC00E2642AFE89AA005D3517 /* Assets.xcassets */,
				BC00E2692AFE89AA005D3517 /* Info.plist */,
			);
			path = WeatherApp;
			sourceTree = "<group>";
		};
		BC00E26F2AFE89B8005D3517 /* AppDelegate */ = {
			isa = PBXGroup;
			children = (
				BC00E25B2AFE8998005D3517 /* AppDelegate.swift */,
				BC00E25D2AFE8998005D3517 /* SceneDelegate.swift */,
			);
			path = AppDelegate;
			sourceTree = "<group>";
		};
		BC00E2702AFE89C2005D3517 /* Controller */ = {
			isa = PBXGroup;
			children = (
				BC00E25F2AFE8998005D3517 /* ViewController.swift */,
			);
			path = Controller;
			sourceTree = "<group>";
		};
		BC00E2712AFE89DB005D3517 /* View */ = {
			isa = PBXGroup;
			children = (
				BC00E2612AFE8998005D3517 /* Main.storyboard */,
				BC00E2662AFE89AA005D3517 /* LaunchScreen.storyboard */,
			);
			path = View;
			sourceTree = "<group>";
		};
		BC00E2722AFE89EB005D3517 /* Model */ = {
			isa = PBXGroup;
			children = (
				BC00E2732AFE8CCF005D3517 /* Location.swift */,
				BC00E2752AFE8CF4005D3517 /* Condition.swift */,
				BC00E2772AFE8D1B005D3517 /* Current.swift */,
				BC00E2792AFE8D4D005D3517 /* CurrentWeather.swift */,
			);
			path = Model;
			sourceTree = "<group>";
		};
/* End PBXGroup section */

/* Begin PBXNativeTarget section */
		BC00E2572AFE8998005D3517 /* WeatherApp */ = {
			isa = PBXNativeTarget;
			buildConfigurationList = BC00E26C2AFE89AA005D3517 /* Build configuration list for PBXNativeTarget "WeatherApp" */;
			buildPhases = (
				BC00E2542AFE8998005D3517 /* Sources */,
				BC00E2552AFE8998005D3517 /* Frameworks */,
				BC00E2562AFE8998005D3517 /* Resources */,
			);
			buildRules = (
			);
			dependencies = (
			);
			name = WeatherApp;
			packageProductDependencies = (
				BC00E27C2AFF7B04005D3517 /* Alamofire */,
			);
			productName = WeatherApp;
			productReference = BC00E2582AFE8998005D3517 /* WeatherApp.app */;
			productType = "com.apple.product-type.application";
		};
/* End PBXNativeTarget section */

/* Begin PBXProject section */
		BC00E2502AFE8998005D3517 /* Project object */ = {
			isa = PBXProject;
			attributes = {
				BuildIndependentTargetsInParallel = 1;
				LastSwiftUpdateCheck = 1500;
				LastUpgradeCheck = 1500;
				TargetAttributes = {
					BC00E2572AFE8998005D3517 = {
						CreatedOnToolsVersion = 15.0.1;
					};
				};
			};
			buildConfigurationList = BC00E2532AFE8998005D3517 /* Build configuration list for PBXProject "WeatherApp" */;
			compatibilityVersion = "Xcode 14.0";
			developmentRegion = en;
			hasScannedForEncodings = 0;
			knownRegions = (
				en,
				Base,
			);
			mainGroup = BC00E24F2AFE8998005D3517;
			packageReferences = (
				BC00E27B2AFF7B04005D3517 /* XCRemoteSwiftPackageReference "Alamofire" */,
			);
			productRefGroup = BC00E2592AFE8998005D3517 /* Products */;
			projectDirPath = "";
			projectRoot = "";
			targets = (
				BC00E2572AFE8998005D3517 /* WeatherApp */,
			);
		};
/* End PBXProject section */

/* Begin PBXResourcesBuildPhase section */
		BC00E2562AFE8998005D3517 /* Resources */ = {
			isa = PBXResourcesBuildPhase;
			buildActionMask = 2147483647;
			files = (
				BC00E2682AFE89AA005D3517 /* LaunchScreen.storyboard in Resources */,
				BC00E2652AFE89AA005D3517 /* Assets.xcassets in Resources */,
				BC00E2632AFE8998005D3517 /* Main.storyboard in Resources */,
			);
			runOnlyForDeploymentPostprocessing = 0;
		};
/* End PBXResourcesBuildPhase section */

/* Begin PBXSourcesBuildPhase section */
		BC00E2542AFE8998005D3517 /* Sources */ = {
			isa = PBXSourcesBuildPhase;
			buildActionMask = 2147483647;
			files = (
				BC00E2602AFE8998005D3517 /* ViewController.swift in Sources */,
				BC00E25C2AFE8998005D3517 /* AppDelegate.swift in Sources */,
				BC00E2742AFE8CCF005D3517 /* Location.swift in Sources */,
				BC00E27A2AFE8D4D005D3517 /* CurrentWeather.swift in Sources */,
				BC00E2782AFE8D1B005D3517 /* Current.swift in Sources */,
				BC00E25E2AFE8998005D3517 /* SceneDelegate.swift in Sources */,
				BC00E2762AFE8CF4005D3517 /* Condition.swift in Sources */,
			);
			runOnlyForDeploymentPostprocessing = 0;
		};
/* End PBXSourcesBuildPhase section */

/* Begin PBXVariantGroup section */
		BC00E2612AFE8998005D3517 /* Main.storyboard */ = {
			isa = PBXVariantGroup;
			children = (
				BC00E2622AFE8998005D3517 /* Base */,
			);
			name = Main.storyboard;
			sourceTree = "<group>";
		};
		BC00E2662AFE89AA005D3517 /* LaunchScreen.storyboard */ = {
			isa = PBXVariantGroup;
			children = (
				BC00E2672AFE89AA005D3517 /* Base */,
			);
			name = LaunchScreen.storyboard;
			sourceTree = "<group>";
		};
/* End PBXVariantGroup section */

/* Begin XCBuildConfiguration section */
		BC00E26A2AFE89AA005D3517 /* Debug */ = {
			isa = XCBuildConfiguration;
			buildSettings = {
				ALWAYS_SEARCH_USER_PATHS = NO;
				ASSETCATALOG_COMPILER_GENERATE_SWIFT_ASSET_SYMBOL_EXTENSIONS = YES;
				CLANG_ANALYZER_NONNULL = YES;
				CLANG_ANALYZER_NUMBER_OBJECT_CONVERSION = YES_AGGRESSIVE;
				CLANG_CXX_LANGUAGE_STANDARD = "gnu++20";
				CLANG_ENABLE_MODULES = YES;
				CLANG_ENABLE_OBJC_ARC = YES;
				CLANG_ENABLE_OBJC_WEAK = YES;
				CLANG_WARN_BLOCK_CAPTURE_AUTORELEASING = YES;
				CLANG_WARN_BOOL_CONVERSION = YES;
				CLANG_WARN_COMMA = YES;
				CLANG_WARN_CONSTANT_CONVERSION = YES;
				CLANG_WARN_DEPRECATED_OBJC_IMPLEMENTATIONS = YES;
				CLANG_WARN_DIRECT_OBJC_ISA_USAGE = YES_ERROR;
				CLANG_WARN_DOCUMENTATION_COMMENTS = YES;
				CLANG_WARN_EMPTY_BODY = YES;
				CLANG_WARN_ENUM_CONVERSION = YES;
				CLANG_WARN_INFINITE_RECURSION = YES;
				CLANG_WARN_INT_CONVERSION = YES;
				CLANG_WARN_NON_LITERAL_NULL_CONVERSION = YES;
				CLANG_WARN_OBJC_IMPLICIT_RETAIN_SELF = YES;
				CLANG_WARN_OBJC_LITERAL_CONVERSION = YES;
				CLANG_WARN_OBJC_ROOT_CLASS = YES_ERROR;
				CLANG_WARN_QUOTED_INCLUDE_IN_FRAMEWORK_HEADER = YES;
				CLANG_WARN_RANGE_LOOP_ANALYSIS = YES;
				CLANG_WARN_STRICT_PROTOTYPES = YES;
				CLANG_WARN_SUSPICIOUS_MOVE = YES;
				CLANG_WARN_UNGUARDED_AVAILABILITY = YES_AGGRESSIVE;
				CLANG_WARN_UNREACHABLE_CODE = YES;
				CLANG_WARN__DUPLICATE_METHOD_MATCH = YES;
				COPY_PHASE_STRIP = NO;
				DEBUG_INFORMATION_FORMAT = dwarf;
				ENABLE_STRICT_OBJC_MSGSEND = YES;
				ENABLE_TESTABILITY = YES;
				ENABLE_USER_SCRIPT_SANDBOXING = YES;
				GCC_C_LANGUAGE_STANDARD = gnu17;
				GCC_DYNAMIC_NO_PIC = NO;
				GCC_NO_COMMON_BLOCKS = YES;
				GCC_OPTIMIZATION_LEVEL = 0;
				GCC_PREPROCESSOR_DEFINITIONS = (
					"DEBUG=1",
					"$(inherited)",
				);
				GCC_WARN_64_TO_32_BIT_CONVERSION = YES;
				GCC_WARN_ABOUT_RETURN_TYPE = YES_ERROR;
				GCC_WARN_UNDECLARED_SELECTOR = YES;
				GCC_WARN_UNINITIALIZED_AUTOS = YES_AGGRESSIVE;
				GCC_WARN_UNUSED_FUNCTION = YES;
				GCC_WARN_UNUSED_VARIABLE = YES;
				IPHONEOS_DEPLOYMENT_TARGET = 17.0;
				LOCALIZATION_PREFERS_STRING_CATALOGS = YES;
				MTL_ENABLE_DEBUG_INFO = INCLUDE_SOURCE;
				MTL_FAST_MATH = YES;
				ONLY_ACTIVE_ARCH = YES;
				SDKROOT = iphoneos;
				SWIFT_ACTIVE_COMPILATION_CONDITIONS = "DEBUG $(inherited)";
				SWIFT_OPTIMIZATION_LEVEL = "-Onone";
			};
			name = Debug;
		};
		BC00E26B2AFE89AA005D3517 /* Release */ = {
			isa = XCBuildConfiguration;
			buildSettings = {
				ALWAYS_SEARCH_USER_PATHS = NO;
				ASSETCATALOG_COMPILER_GENERATE_SWIFT_ASSET_SYMBOL_EXTENSIONS = YES;
				CLANG_ANALYZER_NONNULL = YES;
				CLANG_ANALYZER_NUMBER_OBJECT_CONVERSION = YES_AGGRESSIVE;
				CLANG_CXX_LANGUAGE_STANDARD = "gnu++20";
				CLANG_ENABLE_MODULES = YES;
				CLANG_ENABLE_OBJC_ARC = YES;
				CLANG_ENABLE_OBJC_WEAK = YES;
				CLANG_WARN_BLOCK_CAPTURE_AUTORELEASING = YES;
				CLANG_WARN_BOOL_CONVERSION = YES;
				CLANG_WARN_COMMA = YES;
				CLANG_WARN_CONSTANT_CONVERSION = YES;
				CLANG_WARN_DEPRECATED_OBJC_IMPLEMENTATIONS = YES;
				CLANG_WARN_DIRECT_OBJC_ISA_USAGE = YES_ERROR;
				CLANG_WARN_DOCUMENTATION_COMMENTS = YES;
				CLANG_WARN_EMPTY_BODY = YES;
				CLANG_WARN_ENUM_CONVERSION = YES;
				CLANG_WARN_INFINITE_RECURSION = YES;
				CLANG_WARN_INT_CONVERSION = YES;
				CLANG_WARN_NON_LITERAL_NULL_CONVERSION = YES;
				CLANG_WARN_OBJC_IMPLICIT_RETAIN_SELF = YES;
				CLANG_WARN_OBJC_LITERAL_CONVERSION = YES;
				CLANG_WARN_OBJC_ROOT_CLASS = YES_ERROR;
				CLANG_WARN_QUOTED_INCLUDE_IN_FRAMEWORK_HEADER = YES;
				CLANG_WARN_RANGE_LOOP_ANALYSIS = YES;
				CLANG_WARN_STRICT_PROTOTYPES = YES;
				CLANG_WARN_SUSPICIOUS_MOVE = YES;
				CLANG_WARN_UNGUARDED_AVAILABILITY = YES_AGGRESSIVE;
				CLANG_WARN_UNREACHABLE_CODE = YES;
				CLANG_WARN__DUPLICATE_METHOD_MATCH = YES;
				COPY_PHASE_STRIP = NO;
				DEBUG_INFORMATION_FORMAT = "dwarf-with-dsym";
				ENABLE_NS_ASSERTIONS = NO;
				ENABLE_STRICT_OBJC_MSGSEND = YES;
				ENABLE_USER_SCRIPT_SANDBOXING = YES;
				GCC_C_LANGUAGE_STANDARD = gnu17;
				GCC_NO_COMMON_BLOCKS = YES;
				GCC_WARN_64_TO_32_BIT_CONVERSION = YES;
				GCC_WARN_ABOUT_RETURN_TYPE = YES_ERROR;
				GCC_WARN_UNDECLARED_SELECTOR = YES;
				GCC_WARN_UNINITIALIZED_AUTOS = YES_AGGRESSIVE;
				GCC_WARN_UNUSED_FUNCTION = YES;
				GCC_WARN_UNUSED_VARIABLE = YES;
				IPHONEOS_DEPLOYMENT_TARGET = 17.0;
				LOCALIZATION_PREFERS_STRING_CATALOGS = YES;
				MTL_ENABLE_DEBUG_INFO = NO;
				MTL_FAST_MATH = YES;
				SDKROOT = iphoneos;
				SWIFT_COMPILATION_MODE = wholemodule;
				VALIDATE_PRODUCT = YES;
			};
			name = Release;
		};
		BC00E26D2AFE89AA005D3517 /* Debug */ = {
			isa = XCBuildConfiguration;
			buildSettings = {
				ASSETCATALOG_COMPILER_APPICON_NAME = AppIcon;
				ASSETCATALOG_COMPILER_GLOBAL_ACCENT_COLOR_NAME = AccentColor;
				CODE_SIGN_STYLE = Automatic;
				CURRENT_PROJECT_VERSION = 1;
				DEVELOPMENT_TEAM = 286MJB8J65;
				GENERATE_INFOPLIST_FILE = YES;
				INFOPLIST_FILE = WeatherApp/Info.plist;
				INFOPLIST_KEY_UIApplicationSupportsIndirectInputEvents = YES;
				INFOPLIST_KEY_UILaunchStoryboardName = LaunchScreen;
				INFOPLIST_KEY_UIMainStoryboardFile = Main;
				INFOPLIST_KEY_UISupportedInterfaceOrientations_iPad = "UIInterfaceOrientationPortrait UIInterfaceOrientationPortraitUpsideDown UIInterfaceOrientationLandscapeLeft UIInterfaceOrientationLandscapeRight";
				INFOPLIST_KEY_UISupportedInterfaceOrientations_iPhone = "UIInterfaceOrientationPortrait UIInterfaceOrientationLandscapeLeft UIInterfaceOrientationLandscapeRight";
				LD_RUNPATH_SEARCH_PATHS = (
					"$(inherited)",
					"@executable_path/Frameworks",
				);
				MARKETING_VERSION = 1.0;
				PRODUCT_BUNDLE_IDENTIFIER = com.accenturebootcamp.WeatherApp;
				PRODUCT_NAME = "$(TARGET_NAME)";
				SWIFT_EMIT_LOC_STRINGS = YES;
				SWIFT_VERSION = 5.0;
				TARGETED_DEVICE_FAMILY = "1,2";
			};
			name = Debug;
		};
		BC00E26E2AFE89AA005D3517 /* Release */ = {
			isa = XCBuildConfiguration;
			buildSettings = {
				ASSETCATALOG_COMPILER_APPICON_NAME = AppIcon;
				ASSETCATALOG_COMPILER_GLOBAL_ACCENT_COLOR_NAME = AccentColor;
				CODE_SIGN_STYLE = Automatic;
				CURRENT_PROJECT_VERSION = 1;
				DEVELOPMENT_TEAM = 286MJB8J65;
				GENERATE_INFOPLIST_FILE = YES;
				INFOPLIST_FILE = WeatherApp/Info.plist;
				INFOPLIST_KEY_UIApplicationSupportsIndirectInputEvents = YES;
				INFOPLIST_KEY_UILaunchStoryboardName = LaunchScreen;
				INFOPLIST_KEY_UIMainStoryboardFile = Main;
				INFOPLIST_KEY_UISupportedInterfaceOrientations_iPad = "UIInterfaceOrientationPortrait UIInterfaceOrientationPortraitUpsideDown UIInterfaceOrientationLandscapeLeft UIInterfaceOrientationLandscapeRight";
				INFOPLIST_KEY_UISupportedInterfaceOrientations_iPhone = "UIInterfaceOrientationPortrait UIInterfaceOrientationLandscapeLeft UIInterfaceOrientationLandscapeRight";
				LD_RUNPATH_SEARCH_PATHS = (
					"$(inherited)",
					"@executable_path/Frameworks",
				);
				MARKETING_VERSION = 1.0;
				PRODUCT_BUNDLE_IDENTIFIER = com.accenturebootcamp.WeatherApp;
				PRODUCT_NAME = "$(TARGET_NAME)";
				SWIFT_EMIT_LOC_STRINGS = YES;
				SWIFT_VERSION = 5.0;
				TARGETED_DEVICE_FAMILY = "1,2";
			};
			name = Release;
		};
/* End XCBuildConfiguration section */

/* Begin XCConfigurationList section */
		BC00E2532AFE8998005D3517 /* Build configuration list for PBXProject "WeatherApp" */ = {
			isa = XCConfigurationList;
			buildConfigurations = (
				BC00E26A2AFE89AA005D3517 /* Debug */,
				BC00E26B2AFE89AA005D3517 /* Release */,
			);
			defaultConfigurationIsVisible = 0;
			defaultConfigurationName = Release;
		};
		BC00E26C2AFE89AA005D3517 /* Build configuration list for PBXNativeTarget "WeatherApp" */ = {
			isa = XCConfigurationList;
			buildConfigurations = (
				BC00E26D2AFE89AA005D3517 /* Debug */,
				BC00E26E2AFE89AA005D3517 /* Release */,
			);
			defaultConfigurationIsVisible = 0;
			defaultConfigurationName = Release;
		};
/* End XCConfigurationList section */

/* Begin XCRemoteSwiftPackageReference section */
		BC00E27B2AFF7B04005D3517 /* XCRemoteSwiftPackageReference "Alamofire" */ = {
			isa = XCRemoteSwiftPackageReference;
			repositoryURL = "https://github.com/Alamofire/Alamofire";
			requirement = {
				kind = upToNextMajorVersion;
				minimumVersion = 5.8.1;
			};
		};
/* End XCRemoteSwiftPackageReference section */

/* Begin XCSwiftPackageProductDependency section */
		BC00E27C2AFF7B04005D3517 /* Alamofire */ = {
			isa = XCSwiftPackageProductDependency;
			package = BC00E27B2AFF7B04005D3517 /* XCRemoteSwiftPackageReference "Alamofire" */;
			productName = Alamofire;
		};
/* End XCSwiftPackageProductDependency section */
	};
	rootObject = BC00E2502AFE8998005D3517 /* Project object */;
}
